// !$*UTF8*$!
{
	archiveVersion = 1;
	classes = {
	};
	objectVersion = 56;
	objects = {

/* Begin PBXBuildFile section */
		FABC9D7729D46A14001E565F /* CaptureGalleryView.swift in Sources */ = {isa = PBXBuildFile; fileRef = FABC9D6529D46A13001E565F /* CaptureGalleryView.swift */; };
		FABC9D7829D46A14001E565F /* CameraViewModel.swift in Sources */ = {isa = PBXBuildFile; fileRef = FABC9D6629D46A13001E565F /* CameraViewModel.swift */; };
		FABC9D7929D46A14001E565F /* CameraView.swift in Sources */ = {isa = PBXBuildFile; fileRef = FABC9D6729D46A13001E565F /* CameraView.swift */; };
		FABC9D7A29D46A14001E565F /* AsyncImageHelpers.swift in Sources */ = {isa = PBXBuildFile; fileRef = FABC9D6829D46A13001E565F /* AsyncImageHelpers.swift */; };
		FABC9D7B29D46A14001E565F /* Capture.swift in Sources */ = {isa = PBXBuildFile; fileRef = FABC9D6929D46A13001E565F /* Capture.swift */; };
		FABC9D7C29D46A14001E565F /* CaptureFolderState.swift in Sources */ = {isa = PBXBuildFile; fileRef = FABC9D6A29D46A13001E565F /* CaptureFolderState.swift */; };
		FABC9D7D29D46A14001E565F /* Assets.xcassets in Resources */ = {isa = PBXBuildFile; fileRef = FABC9D6B29D46A13001E565F /* Assets.xcassets */; };
		FABC9D7E29D46A14001E565F /* CaptureInfo.swift in Sources */ = {isa = PBXBuildFile; fileRef = FABC9D6C29D46A13001E565F /* CaptureInfo.swift */; };
		FABC9D7F29D46A14001E565F /* CaptureSampleApp.swift in Sources */ = {isa = PBXBuildFile; fileRef = FABC9D6D29D46A14001E565F /* CaptureSampleApp.swift */; };
		FABC9D8029D46A14001E565F /* HelpPageView.swift in Sources */ = {isa = PBXBuildFile; fileRef = FABC9D6E29D46A14001E565F /* HelpPageView.swift */; };
		FABC9D8129D46A14001E565F /* TimerView.swift in Sources */ = {isa = PBXBuildFile; fileRef = FABC9D6F29D46A14001E565F /* TimerView.swift */; };
		FABC9D8229D46A14001E565F /* CaptureFoldersView.swift in Sources */ = {isa = PBXBuildFile; fileRef = FABC9D7029D46A14001E565F /* CaptureFoldersView.swift */; };
		FABC9D8329D46A14001E565F /* TriggerEveryTimer.swift in Sources */ = {isa = PBXBuildFile; fileRef = FABC9D7129D46A14001E565F /* TriggerEveryTimer.swift */; };
		FABC9D8429D46A14001E565F /* InfoPanelView.swift in Sources */ = {isa = PBXBuildFile; fileRef = FABC9D7229D46A14001E565F /* InfoPanelView.swift */; };
		FABC9D8529D46A14001E565F /* PhotoCaptureDelegate.swift in Sources */ = {isa = PBXBuildFile; fileRef = FABC9D7329D46A14001E565F /* PhotoCaptureDelegate.swift */; };
		FABC9D8629D46A14001E565F /* CameraPreviewView.swift in Sources */ = {isa = PBXBuildFile; fileRef = FABC9D7429D46A14001E565F /* CameraPreviewView.swift */; };
		FABC9D8729D46A14001E565F /* ImageLoader.swift in Sources */ = {isa = PBXBuildFile; fileRef = FABC9D7529D46A14001E565F /* ImageLoader.swift */; };
		FABC9D8F29D47148001E565F /* ContentView.swift in Sources */ = {isa = PBXBuildFile; fileRef = FABC9D8E29D47148001E565F /* ContentView.swift */; };
		FABC9D9329D47EDD001E565F /* ModelGenerationView.swift in Sources */ = {isa = PBXBuildFile; fileRef = FABC9D9229D47EDD001E565F /* ModelGenerationView.swift */; };
		FABC9D9529D481B0001E565F /* ModelGenerationManager.swift in Sources */ = {isa = PBXBuildFile; fileRef = FABC9D9429D481B0001E565F /* ModelGenerationManager.swift */; };
		FAC34E4329D5C4C200E345B7 /* ModelPreviewView.swift in Sources */ = {isa = PBXBuildFile; fileRef = FAC34E4229D5C4C200E345B7 /* ModelPreviewView.swift */; };
		FAF43DD329D46956004AB588 /* Preview Assets.xcassets in Resources */ = {isa = PBXBuildFile; fileRef = FAF43DD229D46956004AB588 /* Preview Assets.xcassets */; };
		FAF65E7029D6F7B200E60C21 /* ProgressBar.swift in Sources */ = {isa = PBXBuildFile; fileRef = FAF65E6F29D6F7B200E60C21 /* ProgressBar.swift */; };
		FAFCED1F29D5D09500EDD8C8 /* ARModelPreviewViewController.swift in Sources */ = {isa = PBXBuildFile; fileRef = FAFCED1E29D5D09500EDD8C8 /* ARModelPreviewViewController.swift */; };
/* End PBXBuildFile section */

/* Begin PBXFileReference section */
		FABC9D6529D46A13001E565F /* CaptureGalleryView.swift */ = {isa = PBXFileReference; fileEncoding = 4; lastKnownFileType = sourcecode.swift; path = CaptureGalleryView.swift; sourceTree = "<group>"; };
		FABC9D6629D46A13001E565F /* CameraViewModel.swift */ = {isa = PBXFileReference; fileEncoding = 4; lastKnownFileType = sourcecode.swift; path = CameraViewModel.swift; sourceTree = "<group>"; };
		FABC9D6729D46A13001E565F /* CameraView.swift */ = {isa = PBXFileReference; fileEncoding = 4; lastKnownFileType = sourcecode.swift; path = CameraView.swift; sourceTree = "<group>"; };
		FABC9D6829D46A13001E565F /* AsyncImageHelpers.swift */ = {isa = PBXFileReference; fileEncoding = 4; lastKnownFileType = sourcecode.swift; path = AsyncImageHelpers.swift; sourceTree = "<group>"; };
		FABC9D6929D46A13001E565F /* Capture.swift */ = {isa = PBXFileReference; fileEncoding = 4; lastKnownFileType = sourcecode.swift; path = Capture.swift; sourceTree = "<group>"; };
		FABC9D6A29D46A13001E565F /* CaptureFolderState.swift */ = {isa = PBXFileReference; fileEncoding = 4; lastKnownFileType = sourcecode.swift; path = CaptureFolderState.swift; sourceTree = "<group>"; };
		FABC9D6B29D46A13001E565F /* Assets.xcassets */ = {isa = PBXFileReference; lastKnownFileType = folder.assetcatalog; name = Assets.xcassets; path = ../../../Downloads/CaptureSample/CaptureSample/Assets.xcassets; sourceTree = "<group>"; };
		FABC9D6C29D46A13001E565F /* CaptureInfo.swift */ = {isa = PBXFileReference; fileEncoding = 4; lastKnownFileType = sourcecode.swift; path = CaptureInfo.swift; sourceTree = "<group>"; };
		FABC9D6D29D46A14001E565F /* CaptureSampleApp.swift */ = {isa = PBXFileReference; fileEncoding = 4; lastKnownFileType = sourcecode.swift; path = CaptureSampleApp.swift; sourceTree = "<group>"; };
		FABC9D6E29D46A14001E565F /* HelpPageView.swift */ = {isa = PBXFileReference; fileEncoding = 4; lastKnownFileType = sourcecode.swift; path = HelpPageView.swift; sourceTree = "<group>"; };
		FABC9D6F29D46A14001E565F /* TimerView.swift */ = {isa = PBXFileReference; fileEncoding = 4; lastKnownFileType = sourcecode.swift; path = TimerView.swift; sourceTree = "<group>"; };
		FABC9D7029D46A14001E565F /* CaptureFoldersView.swift */ = {isa = PBXFileReference; fileEncoding = 4; lastKnownFileType = sourcecode.swift; path = CaptureFoldersView.swift; sourceTree = "<group>"; };
		FABC9D7129D46A14001E565F /* TriggerEveryTimer.swift */ = {isa = PBXFileReference; fileEncoding = 4; lastKnownFileType = sourcecode.swift; path = TriggerEveryTimer.swift; sourceTree = "<group>"; };
		FABC9D7229D46A14001E565F /* InfoPanelView.swift */ = {isa = PBXFileReference; fileEncoding = 4; lastKnownFileType = sourcecode.swift; path = InfoPanelView.swift; sourceTree = "<group>"; };
		FABC9D7329D46A14001E565F /* PhotoCaptureDelegate.swift */ = {isa = PBXFileReference; fileEncoding = 4; lastKnownFileType = sourcecode.swift; path = PhotoCaptureDelegate.swift; sourceTree = "<group>"; };
		FABC9D7429D46A14001E565F /* CameraPreviewView.swift */ = {isa = PBXFileReference; fileEncoding = 4; lastKnownFileType = sourcecode.swift; path = CameraPreviewView.swift; sourceTree = "<group>"; };
		FABC9D7529D46A14001E565F /* ImageLoader.swift */ = {isa = PBXFileReference; fileEncoding = 4; lastKnownFileType = sourcecode.swift; path = ImageLoader.swift; sourceTree = "<group>"; };
		FABC9D8C29D4710D001E565F /* ContentView.swift */ = {isa = PBXFileReference; lastKnownFileType = sourcecode.swift; path = ContentView.swift; sourceTree = "<group>"; };
		FABC9D8E29D47148001E565F /* ContentView.swift */ = {isa = PBXFileReference; lastKnownFileType = sourcecode.swift; name = ContentView.swift; path = ../../../../Downloads/CaptureSample/CaptureSample/ContentView.swift; sourceTree = "<group>"; };
		FABC9D9229D47EDD001E565F /* ModelGenerationView.swift */ = {isa = PBXFileReference; lastKnownFileType = sourcecode.swift; path = ModelGenerationView.swift; sourceTree = "<group>"; };
		FABC9D9429D481B0001E565F /* ModelGenerationManager.swift */ = {isa = PBXFileReference; lastKnownFileType = sourcecode.swift; path = ModelGenerationManager.swift; sourceTree = "<group>"; };
		FAC34E4229D5C4C200E345B7 /* ModelPreviewView.swift */ = {isa = PBXFileReference; lastKnownFileType = sourcecode.swift; path = ModelPreviewView.swift; sourceTree = "<group>"; };
		FACD315F29D4C35600957CB6 /* Info.plist */ = {isa = PBXFileReference; lastKnownFileType = text.plist; path = Info.plist; sourceTree = "<group>"; };
		FAF43DC829D46955004AB588 /* ScanAR-iOS.app */ = {isa = PBXFileReference; explicitFileType = wrapper.application; includeInIndex = 0; path = "ScanAR-iOS.app"; sourceTree = BUILT_PRODUCTS_DIR; };
		FAF43DD229D46956004AB588 /* Preview Assets.xcassets */ = {isa = PBXFileReference; lastKnownFileType = folder.assetcatalog; path = "Preview Assets.xcassets"; sourceTree = "<group>"; };
		FAF65E6F29D6F7B200E60C21 /* ProgressBar.swift */ = {isa = PBXFileReference; lastKnownFileType = sourcecode.swift; path = ProgressBar.swift; sourceTree = "<group>"; };
		FAFCED1E29D5D09500EDD8C8 /* ARModelPreviewViewController.swift */ = {isa = PBXFileReference; lastKnownFileType = sourcecode.swift; path = ARModelPreviewViewController.swift; sourceTree = "<group>"; };
/* End PBXFileReference section */

/* Begin PBXFrameworksBuildPhase section */
		FAF43DC529D46955004AB588 /* Frameworks */ = {
			isa = PBXFrameworksBuildPhase;
			buildActionMask = 2147483647;
			files = (
			);
			runOnlyForDeploymentPostprocessing = 0;
		};
/* End PBXFrameworksBuildPhase section */

/* Begin PBXGroup section */
		FABC9D8B29D4710C001E565F /* View */ = {
			isa = PBXGroup;
			children = (
				FAF65E6F29D6F7B200E60C21 /* ProgressBar.swift */,
				FABC9D8E29D47148001E565F /* ContentView.swift */,
				FAFCED1E29D5D09500EDD8C8 /* ARModelPreviewViewController.swift */,
				FAC34E4229D5C4C200E345B7 /* ModelPreviewView.swift */,
				FABC9D9229D47EDD001E565F /* ModelGenerationView.swift */,
				FABC9D7429D46A14001E565F /* CameraPreviewView.swift */,
				FABC9D6729D46A13001E565F /* CameraView.swift */,
				FABC9D7029D46A14001E565F /* CaptureFoldersView.swift */,
				FABC9D6529D46A13001E565F /* CaptureGalleryView.swift */,
				FABC9D8C29D4710D001E565F /* ContentView.swift */,
				FABC9D6E29D46A14001E565F /* HelpPageView.swift */,
				FABC9D7229D46A14001E565F /* InfoPanelView.swift */,
				FABC9D6F29D46A14001E565F /* TimerView.swift */,
			);
			path = View;
			sourceTree = "<group>";
		};
		FABC9D8D29D47113001E565F /* Models */ = {
			isa = PBXGroup;
			children = (
				FABC9D6629D46A13001E565F /* CameraViewModel.swift */,
			);
			path = Models;
			sourceTree = "<group>";
		};
		FAF43DBF29D46955004AB588 = {
			isa = PBXGroup;
			children = (
				FAF43DCA29D46955004AB588 /* ScanAR-iOS */,
				FAF43DC929D46955004AB588 /* Products */,
			);
			sourceTree = "<group>";
		};
		FAF43DC929D46955004AB588 /* Products */ = {
			isa = PBXGroup;
			children = (
				FAF43DC829D46955004AB588 /* ScanAR-iOS.app */,
			);
			name = Products;
			sourceTree = "<group>";
		};
		FAF43DCA29D46955004AB588 /* ScanAR-iOS */ = {
			isa = PBXGroup;
			children = (
				FACD315F29D4C35600957CB6 /* Info.plist */,
				FABC9D6B29D46A13001E565F /* Assets.xcassets */,
				FABC9D6D29D46A14001E565F /* CaptureSampleApp.swift */,
				FABC9D8B29D4710C001E565F /* View */,
				FABC9D8D29D47113001E565F /* Models */,
				FABC9D9429D481B0001E565F /* ModelGenerationManager.swift */,
				FABC9D6829D46A13001E565F /* AsyncImageHelpers.swift */,
				FABC9D6929D46A13001E565F /* Capture.swift */,
				FABC9D6A29D46A13001E565F /* CaptureFolderState.swift */,
				FABC9D6C29D46A13001E565F /* CaptureInfo.swift */,
				FABC9D7529D46A14001E565F /* ImageLoader.swift */,
				FABC9D7329D46A14001E565F /* PhotoCaptureDelegate.swift */,
				FABC9D7129D46A14001E565F /* TriggerEveryTimer.swift */,
				FAF43DD129D46956004AB588 /* Preview Content */,
			);
			path = "ScanAR-iOS";
			sourceTree = "<group>";
		};
		FAF43DD129D46956004AB588 /* Preview Content */ = {
			isa = PBXGroup;
			children = (
				FAF43DD229D46956004AB588 /* Preview Assets.xcassets */,
			);
			path = "Preview Content";
			sourceTree = "<group>";
		};
/* End PBXGroup section */

/* Begin PBXNativeTarget section */
		FAF43DC729D46955004AB588 /* ScanAR-iOS */ = {
			isa = PBXNativeTarget;
			buildConfigurationList = FAF43DD629D46956004AB588 /* Build configuration list for PBXNativeTarget "ScanAR-iOS" */;
			buildPhases = (
				FAF43DC429D46955004AB588 /* Sources */,
				FAF43DC529D46955004AB588 /* Frameworks */,
				FAF43DC629D46955004AB588 /* Resources */,
			);
			buildRules = (
			);
			dependencies = (
			);
			name = "ScanAR-iOS";
			productName = "ScanAR-iOS";
			productReference = FAF43DC829D46955004AB588 /* ScanAR-iOS.app */;
			productType = "com.apple.product-type.application";
		};
/* End PBXNativeTarget section */

/* Begin PBXProject section */
		FAF43DC029D46955004AB588 /* Project object */ = {
			isa = PBXProject;
			attributes = {
				BuildIndependentTargetsInParallel = 1;
				LastSwiftUpdateCheck = 1420;
				LastUpgradeCheck = 1420;
				TargetAttributes = {
					FAF43DC729D46955004AB588 = {
						CreatedOnToolsVersion = 14.2;
					};
				};
			};
			buildConfigurationList = FAF43DC329D46955004AB588 /* Build configuration list for PBXProject "ScanAR-iOS" */;
			compatibilityVersion = "Xcode 14.0";
			developmentRegion = en;
			hasScannedForEncodings = 0;
			knownRegions = (
				en,
				Base,
			);
			mainGroup = FAF43DBF29D46955004AB588;
			productRefGroup = FAF43DC929D46955004AB588 /* Products */;
			projectDirPath = "";
			projectRoot = "";
			targets = (
				FAF43DC729D46955004AB588 /* ScanAR-iOS */,
			);
		};
/* End PBXProject section */

/* Begin PBXResourcesBuildPhase section */
		FAF43DC629D46955004AB588 /* Resources */ = {
			isa = PBXResourcesBuildPhase;
			buildActionMask = 2147483647;
			files = (
				FAF43DD329D46956004AB588 /* Preview Assets.xcassets in Resources */,
				FABC9D7D29D46A14001E565F /* Assets.xcassets in Resources */,
			);
			runOnlyForDeploymentPostprocessing = 0;
		};
/* End PBXResourcesBuildPhase section */

/* Begin PBXSourcesBuildPhase section */
		FAF43DC429D46955004AB588 /* Sources */ = {
			isa = PBXSourcesBuildPhase;
			buildActionMask = 2147483647;
			files = (
				FABC9D7829D46A14001E565F /* CameraViewModel.swift in Sources */,
				FABC9D8329D46A14001E565F /* TriggerEveryTimer.swift in Sources */,
				FABC9D7F29D46A14001E565F /* CaptureSampleApp.swift in Sources */,
				FAC34E4329D5C4C200E345B7 /* ModelPreviewView.swift in Sources */,
				FABC9D8029D46A14001E565F /* HelpPageView.swift in Sources */,
				FAFCED1F29D5D09500EDD8C8 /* ARModelPreviewViewController.swift in Sources */,
				FABC9D7A29D46A14001E565F /* AsyncImageHelpers.swift in Sources */,
				FABC9D8629D46A14001E565F /* CameraPreviewView.swift in Sources */,
				FABC9D8129D46A14001E565F /* TimerView.swift in Sources */,
				FABC9D7C29D46A14001E565F /* CaptureFolderState.swift in Sources */,
				FABC9D8229D46A14001E565F /* CaptureFoldersView.swift in Sources */,
				FABC9D7B29D46A14001E565F /* Capture.swift in Sources */,
				FAF65E7029D6F7B200E60C21 /* ProgressBar.swift in Sources */,
				FABC9D7E29D46A14001E565F /* CaptureInfo.swift in Sources */,
				FABC9D7929D46A14001E565F /* CameraView.swift in Sources */,
				FABC9D8729D46A14001E565F /* ImageLoader.swift in Sources */,
				FABC9D9529D481B0001E565F /* ModelGenerationManager.swift in Sources */,
				FABC9D8F29D47148001E565F /* ContentView.swift in Sources */,
				FABC9D7729D46A14001E565F /* CaptureGalleryView.swift in Sources */,
				FABC9D8529D46A14001E565F /* PhotoCaptureDelegate.swift in Sources */,
				FABC9D9329D47EDD001E565F /* ModelGenerationView.swift in Sources */,
				FABC9D8429D46A14001E565F /* InfoPanelView.swift in Sources */,
			);
			runOnlyForDeploymentPostprocessing = 0;
		};
/* End PBXSourcesBuildPhase section */

/* Begin XCBuildConfiguration section */
		FAF43DD429D46956004AB588 /* Debug */ = {
			isa = XCBuildConfiguration;
			buildSettings = {
				ALWAYS_SEARCH_USER_PATHS = NO;
				CLANG_ANALYZER_NONNULL = YES;
				CLANG_ANALYZER_NUMBER_OBJECT_CONVERSION = YES_AGGRESSIVE;
				CLANG_CXX_LANGUAGE_STANDARD = "gnu++20";
				CLANG_ENABLE_MODULES = YES;
				CLANG_ENABLE_OBJC_ARC = YES;
				CLANG_ENABLE_OBJC_WEAK = YES;
				CLANG_WARN_BLOCK_CAPTURE_AUTORELEASING = YES;
				CLANG_WARN_BOOL_CONVERSION = YES;
				CLANG_WARN_COMMA = YES;
				CLANG_WARN_CONSTANT_CONVERSION = YES;
				CLANG_WARN_DEPRECATED_OBJC_IMPLEMENTATIONS = YES;
				CLANG_WARN_DIRECT_OBJC_ISA_USAGE = YES_ERROR;
				CLANG_WARN_DOCUMENTATION_COMMENTS = YES;
				CLANG_WARN_EMPTY_BODY = YES;
				CLANG_WARN_ENUM_CONVERSION = YES;
				CLANG_WARN_INFINITE_RECURSION = YES;
				CLANG_WARN_INT_CONVERSION = YES;
				CLANG_WARN_NON_LITERAL_NULL_CONVERSION = YES;
				CLANG_WARN_OBJC_IMPLICIT_RETAIN_SELF = YES;
				CLANG_WARN_OBJC_LITERAL_CONVERSION = YES;
				CLANG_WARN_OBJC_ROOT_CLASS = YES_ERROR;
				CLANG_WARN_QUOTED_INCLUDE_IN_FRAMEWORK_HEADER = YES;
				CLANG_WARN_RANGE_LOOP_ANALYSIS = YES;
				CLANG_WARN_STRICT_PROTOTYPES = YES;
				CLANG_WARN_SUSPICIOUS_MOVE = YES;
				CLANG_WARN_UNGUARDED_AVAILABILITY = YES_AGGRESSIVE;
				CLANG_WARN_UNREACHABLE_CODE = YES;
				CLANG_WARN__DUPLICATE_METHOD_MATCH = YES;
				COPY_PHASE_STRIP = NO;
				DEBUG_INFORMATION_FORMAT = dwarf;
				ENABLE_STRICT_OBJC_MSGSEND = YES;
				ENABLE_TESTABILITY = YES;
				GCC_C_LANGUAGE_STANDARD = gnu11;
				GCC_DYNAMIC_NO_PIC = NO;
				GCC_NO_COMMON_BLOCKS = YES;
				GCC_OPTIMIZATION_LEVEL = 0;
				GCC_PREPROCESSOR_DEFINITIONS = (
					"DEBUG=1",
					"$(inherited)",
				);
				GCC_WARN_64_TO_32_BIT_CONVERSION = YES;
				GCC_WARN_ABOUT_RETURN_TYPE = YES_ERROR;
				GCC_WARN_UNDECLARED_SELECTOR = YES;
				GCC_WARN_UNINITIALIZED_AUTOS = YES_AGGRESSIVE;
				GCC_WARN_UNUSED_FUNCTION = YES;
				GCC_WARN_UNUSED_VARIABLE = YES;
				IPHONEOS_DEPLOYMENT_TARGET = 16.2;
				MTL_ENABLE_DEBUG_INFO = INCLUDE_SOURCE;
				MTL_FAST_MATH = YES;
				ONLY_ACTIVE_ARCH = YES;
				SDKROOT = iphoneos;
				SWIFT_ACTIVE_COMPILATION_CONDITIONS = DEBUG;
				SWIFT_OPTIMIZATION_LEVEL = "-Onone";
			};
			name = Debug;
		};
		FAF43DD529D46956004AB588 /* Release */ = {
			isa = XCBuildConfiguration;
			buildSettings = {
				ALWAYS_SEARCH_USER_PATHS = NO;
				CLANG_ANALYZER_NONNULL = YES;
				CLANG_ANALYZER_NUMBER_OBJECT_CONVERSION = YES_AGGRESSIVE;
				CLANG_CXX_LANGUAGE_STANDARD = "gnu++20";
				CLANG_ENABLE_MODULES = YES;
				CLANG_ENABLE_OBJC_ARC = YES;
				CLANG_ENABLE_OBJC_WEAK = YES;
				CLANG_WARN_BLOCK_CAPTURE_AUTORELEASING = YES;
				CLANG_WARN_BOOL_CONVERSION = YES;
				CLANG_WARN_COMMA = YES;
				CLANG_WARN_CONSTANT_CONVERSION = YES;
				CLANG_WARN_DEPRECATED_OBJC_IMPLEMENTATIONS = YES;
				CLANG_WARN_DIRECT_OBJC_ISA_USAGE = YES_ERROR;
				CLANG_WARN_DOCUMENTATION_COMMENTS = YES;
				CLANG_WARN_EMPTY_BODY = YES;
				CLANG_WARN_ENUM_CONVERSION = YES;
				CLANG_WARN_INFINITE_RECURSION = YES;
				CLANG_WARN_INT_CONVERSION = YES;
				CLANG_WARN_NON_LITERAL_NULL_CONVERSION = YES;
				CLANG_WARN_OBJC_IMPLICIT_RETAIN_SELF = YES;
				CLANG_WARN_OBJC_LITERAL_CONVERSION = YES;
				CLANG_WARN_OBJC_ROOT_CLASS = YES_ERROR;
				CLANG_WARN_QUOTED_INCLUDE_IN_FRAMEWORK_HEADER = YES;
				CLANG_WARN_RANGE_LOOP_ANALYSIS = YES;
				CLANG_WARN_STRICT_PROTOTYPES = YES;
				CLANG_WARN_SUSPICIOUS_MOVE = YES;
				CLANG_WARN_UNGUARDED_AVAILABILITY = YES_AGGRESSIVE;
				CLANG_WARN_UNREACHABLE_CODE = YES;
				CLANG_WARN__DUPLICATE_METHOD_MATCH = YES;
				COPY_PHASE_STRIP = NO;
				DEBUG_INFORMATION_FORMAT = "dwarf-with-dsym";
				ENABLE_NS_ASSERTIONS = NO;
				ENABLE_STRICT_OBJC_MSGSEND = YES;
				GCC_C_LANGUAGE_STANDARD = gnu11;
				GCC_NO_COMMON_BLOCKS = YES;
				GCC_WARN_64_TO_32_BIT_CONVERSION = YES;
				GCC_WARN_ABOUT_RETURN_TYPE = YES_ERROR;
				GCC_WARN_UNDECLARED_SELECTOR = YES;
				GCC_WARN_UNINITIALIZED_AUTOS = YES_AGGRESSIVE;
				GCC_WARN_UNUSED_FUNCTION = YES;
				GCC_WARN_UNUSED_VARIABLE = YES;
				IPHONEOS_DEPLOYMENT_TARGET = 16.2;
				MTL_ENABLE_DEBUG_INFO = NO;
				MTL_FAST_MATH = YES;
				SDKROOT = iphoneos;
				SWIFT_COMPILATION_MODE = wholemodule;
				SWIFT_OPTIMIZATION_LEVEL = "-O";
				VALIDATE_PRODUCT = YES;
			};
			name = Release;
		};
		FAF43DD729D46956004AB588 /* Debug */ = {
			isa = XCBuildConfiguration;
			buildSettings = {
				ASSETCATALOG_COMPILER_APPICON_NAME = AppIcon;
				ASSETCATALOG_COMPILER_GLOBAL_ACCENT_COLOR_NAME = AccentColor;
				CODE_SIGN_STYLE = Automatic;
				CURRENT_PROJECT_VERSION = 1;
				DEVELOPMENT_ASSET_PATHS = "\"ScanAR-iOS/Preview Content\"";
				DEVELOPMENT_TEAM = 839QV4DU65;
				ENABLE_PREVIEWS = YES;
				GENERATE_INFOPLIST_FILE = YES;
				INFOPLIST_FILE = "ScanAR-iOS/Info.plist";
				INFOPLIST_KEY_LSSupportsOpeningDocumentsInPlace = YES;
				INFOPLIST_KEY_NSCameraUsageDescription = "CaptureSample uses the camera to take photos and preview video.";
				INFOPLIST_KEY_UIApplicationSceneManifest_Generation = YES;
				INFOPLIST_KEY_UIApplicationSupportsIndirectInputEvents = YES;
				INFOPLIST_KEY_UILaunchScreen_Generation = YES;
				INFOPLIST_KEY_UIRequiresFullScreen = YES;
				INFOPLIST_KEY_UIStatusBarHidden = YES;
				INFOPLIST_KEY_UISupportedInterfaceOrientations = "UIInterfaceOrientationLandscapeLeft UIInterfaceOrientationLandscapeRight UIInterfaceOrientationPortrait";
				INFOPLIST_KEY_UISupportedInterfaceOrientations_iPad = UIInterfaceOrientationPortrait;
				LD_RUNPATH_SEARCH_PATHS = (
					"$(inherited)",
					"@executable_path/Frameworks",
				);
				MARKETING_VERSION = 1.0;
				PRODUCT_BUNDLE_IDENTIFIER = "tomark.ScanAR-iOS";
				PRODUCT_NAME = "$(TARGET_NAME)";
				SWIFT_EMIT_LOC_STRINGS = YES;
				SWIFT_VERSION = 5.0;
				TARGETED_DEVICE_FAMILY = "1,2";
			};
			name = Debug;
		};
		FAF43DD829D46956004AB588 /* Release */ = {
			isa = XCBuildConfiguration;
			buildSettings = {
				ASSETCATALOG_COMPILER_APPICON_NAME = AppIcon;
				ASSETCATALOG_COMPILER_GLOBAL_ACCENT_COLOR_NAME = AccentColor;
				CODE_SIGN_STYLE = Automatic;
				CURRENT_PROJECT_VERSION = 1;
				DEVELOPMENT_ASSET_PATHS = "\"ScanAR-iOS/Preview Content\"";
				DEVELOPMENT_TEAM = 839QV4DU65;
				ENABLE_PREVIEWS = YES;
				GENERATE_INFOPLIST_FILE = YES;
				INFOPLIST_FILE = "ScanAR-iOS/Info.plist";
				INFOPLIST_KEY_LSSupportsOpeningDocumentsInPlace = YES;
				INFOPLIST_KEY_NSCameraUsageDescription = "CaptureSample uses the camera to take photos and preview video.";
				INFOPLIST_KEY_UIApplicationSceneManifest_Generation = YES;
				INFOPLIST_KEY_UIApplicationSupportsIndirectInputEvents = YES;
				INFOPLIST_KEY_UILaunchScreen_Generation = YES;
				INFOPLIST_KEY_UIRequiresFullScreen = YES;
				INFOPLIST_KEY_UIStatusBarHidden = YES;
				INFOPLIST_KEY_UISupportedInterfaceOrientations = "UIInterfaceOrientationLandscapeLeft UIInterfaceOrientationLandscapeRight UIInterfaceOrientationPortrait";
				INFOPLIST_KEY_UISupportedInterfaceOrientations_iPad = UIInterfaceOrientationPortrait;
				LD_RUNPATH_SEARCH_PATHS = (
					"$(inherited)",
					"@executable_path/Frameworks",
				);
				MARKETING_VERSION = 1.0;
				PRODUCT_BUNDLE_IDENTIFIER = "tomark.ScanAR-iOS";
				PRODUCT_NAME = "$(TARGET_NAME)";
				SWIFT_EMIT_LOC_STRINGS = YES;
				SWIFT_VERSION = 5.0;
				TARGETED_DEVICE_FAMILY = "1,2";
			};
			name = Release;
		};
/* End XCBuildConfiguration section */

/* Begin XCConfigurationList section */
		FAF43DC329D46955004AB588 /* Build configuration list for PBXProject "ScanAR-iOS" */ = {
			isa = XCConfigurationList;
			buildConfigurations = (
				FAF43DD429D46956004AB588 /* Debug */,
				FAF43DD529D46956004AB588 /* Release */,
			);
			defaultConfigurationIsVisible = 0;
			defaultConfigurationName = Release;
		};
		FAF43DD629D46956004AB588 /* Build configuration list for PBXNativeTarget "ScanAR-iOS" */ = {
			isa = XCConfigurationList;
			buildConfigurations = (
				FAF43DD729D46956004AB588 /* Debug */,
				FAF43DD829D46956004AB588 /* Release */,
			);
			defaultConfigurationIsVisible = 0;
			defaultConfigurationName = Release;
		};
/* End XCConfigurationList section */
	};
	rootObject = FAF43DC029D46955004AB588 /* Project object */;
}
